
Microsoft Visual Studio Solution File, Format Version 12.00
# Visual Studio Express 14 for Web
VisualStudioVersion = 14.0.23107.0
MinimumVisualStudioVersion = 10.0.40219.1
Project("{9092AA53-FB77-4645-B42D-1CCCA6BD08BD}") = "upresent", "upresent\upresent.njsproj", "{B2148237-0E55-4E77-9A6F-A2A04586ED41}"
EndProject
Global
	GlobalSection(SolutionConfigurationPlatforms) = preSolution
		Debug|Any CPU = Debug|Any CPU
		Release|Any CPU = Release|Any CPU
	EndGlobalSection
	GlobalSection(ProjectConfigurationPlatforms) = postSolution
		{B2148237-0E55-4E77-9A6F-A2A04586ED41}.Debug|Any CPU.ActiveCfg = Debug|Any CPU
		{B2148237-0E55-4E77-9A6F-A2A04586ED41}.Debug|Any CPU.Build.0 = Debug|Any CPU
		{B2148237-0E55-4E77-9A6F-A2A04586ED41}.Release|Any CPU.ActiveCfg = Release|Any CPU
		{B2148237-0E55-4E77-9A6F-A2A04586ED41}.Release|Any CPU.Build.0 = Release|Any CPU
	EndGlobalSection
	GlobalSection(SolutionProperties) = preSolution
		HideSolutionNode = FALSE
	EndGlobalSection
EndGlobal
